
Microsoft Visual Studio Solution File, Format Version 12.00
# Visual Studio Version 16
VisualStudioVersion = 16.0.32901.82
MinimumVisualStudioVersion = 10.0.40219.1
Project("{9A19103F-16F7-4668-BE54-9A1E7A4F7556}") = "ImportTablesCore", "ImportTablesCore\ImportTablesCore.csproj", "{84803590-ACDD-4BB5-9BF8-74DA05456341}"
EndProject
Global
	GlobalSection(SolutionConfigurationPlatforms) = preSolution
		Debug|Any CPU = Debug|Any CPU
		DOS|Any CPU = DOS|Any CPU
		Release|Any CPU = Release|Any CPU
		UNIX|Any CPU = UNIX|Any CPU
	EndGlobalSection
	GlobalSection(ProjectConfigurationPlatforms) = postSolution
		{84803590-ACDD-4BB5-9BF8-74DA05456341}.Debug|Any CPU.ActiveCfg = Debug|Any CPU
		{84803590-ACDD-4BB5-9BF8-74DA05456341}.Debug|Any CPU.Build.0 = Debug|Any CPU
		{84803590-ACDD-4BB5-9BF8-74DA05456341}.DOS|Any CPU.ActiveCfg = DOS|Any CPU
		{84803590-ACDD-4BB5-9BF8-74DA05456341}.DOS|Any CPU.Build.0 = DOS|Any CPU
		{84803590-ACDD-4BB5-9BF8-74DA05456341}.Release|Any CPU.ActiveCfg = Release|Any CPU
		{84803590-ACDD-4BB5-9BF8-74DA05456341}.Release|Any CPU.Build.0 = Release|Any CPU
		{84803590-ACDD-4BB5-9BF8-74DA05456341}.UNIX|Any CPU.ActiveCfg = UNIX|Any CPU
		{84803590-ACDD-4BB5-9BF8-74DA05456341}.UNIX|Any CPU.Build.0 = UNIX|Any CPU
	EndGlobalSection
	GlobalSection(SolutionProperties) = preSolution
		HideSolutionNode = FALSE
	EndGlobalSection
	GlobalSection(ExtensibilityGlobals) = postSolution
		SolutionGuid = {B25507A0-4224-4047-9A92-02B5A83FF1A4}
	EndGlobalSection
EndGlobal
